
Microsoft Visual Studio Solution File, Format Version 12.00
# Visual Studio 15
VisualStudioVersion = 15.0.28307.539
MinimumVisualStudioVersion = 10.0.40219.1
Project("{FAE04EC0-301F-11D3-BF4B-00C04F79EFBC}") = "TicketVendorApp.Android", "TicketVendorApp\TicketVendorApp.Android\TicketVendorApp.Android.csproj", "{3C8F6A20-21F1-4923-A873-EE8D4883BAB1}"
EndProject
Project("{9A19103F-16F7-4668-BE54-9A1E7A4F7556}") = "TicketVendorApp", "TicketVendorApp\TicketVendorApp\TicketVendorApp.csproj", "{E9B612D5-87D9-4D74-BB16-C88615E9E5FF}"
EndProject
Project("{FAE04EC0-301F-11D3-BF4B-00C04F79EFBC}") = "TicketVendor.UITests", "TicketVendor.UITests\TicketVendor.UITests.csproj", "{B19C892E-2628-4CA7-AD27-08D406A3B14B}"
EndProject
Global
	GlobalSection(SolutionConfigurationPlatforms) = preSolution
		Debug|Any CPU = Debug|Any CPU
		Debug|x64 = Debug|x64
		Release|Any CPU = Release|Any CPU
		Release|x64 = Release|x64
	EndGlobalSection
	GlobalSection(ProjectConfigurationPlatforms) = postSolution
		{3C8F6A20-21F1-4923-A873-EE8D4883BAB1}.Debug|Any CPU.ActiveCfg = Debug|Any CPU
		{3C8F6A20-21F1-4923-A873-EE8D4883BAB1}.Debug|Any CPU.Build.0 = Debug|Any CPU
		{3C8F6A20-21F1-4923-A873-EE8D4883BAB1}.Debug|Any CPU.Deploy.0 = Debug|Any CPU
		{3C8F6A20-21F1-4923-A873-EE8D4883BAB1}.Debug|x64.ActiveCfg = Debug|x64
		{3C8F6A20-21F1-4923-A873-EE8D4883BAB1}.Debug|x64.Build.0 = Debug|x64
		{3C8F6A20-21F1-4923-A873-EE8D4883BAB1}.Debug|x64.Deploy.0 = Debug|x64
		{3C8F6A20-21F1-4923-A873-EE8D4883BAB1}.Release|Any CPU.ActiveCfg = Release|Any CPU
		{3C8F6A20-21F1-4923-A873-EE8D4883BAB1}.Release|Any CPU.Build.0 = Release|Any CPU
		{3C8F6A20-21F1-4923-A873-EE8D4883BAB1}.Release|Any CPU.Deploy.0 = Release|Any CPU
		{3C8F6A20-21F1-4923-A873-EE8D4883BAB1}.Release|x64.ActiveCfg = Release|x64
		{3C8F6A20-21F1-4923-A873-EE8D4883BAB1}.Release|x64.Build.0 = Release|x64
		{3C8F6A20-21F1-4923-A873-EE8D4883BAB1}.Release|x64.Deploy.0 = Release|x64
		{E9B612D5-87D9-4D74-BB16-C88615E9E5FF}.Debug|Any CPU.ActiveCfg = Debug|Any CPU
		{E9B612D5-87D9-4D74-BB16-C88615E9E5FF}.Debug|Any CPU.Build.0 = Debug|Any CPU
		{E9B612D5-87D9-4D74-BB16-C88615E9E5FF}.Debug|x64.ActiveCfg = Debug|x64
		{E9B612D5-87D9-4D74-BB16-C88615E9E5FF}.Debug|x64.Build.0 = Debug|x64
		{E9B612D5-87D9-4D74-BB16-C88615E9E5FF}.Release|Any CPU.ActiveCfg = Release|Any CPU
		{E9B612D5-87D9-4D74-BB16-C88615E9E5FF}.Release|Any CPU.Build.0 = Release|Any CPU
		{E9B612D5-87D9-4D74-BB16-C88615E9E5FF}.Release|x64.ActiveCfg = Release|x64
		{E9B612D5-87D9-4D74-BB16-C88615E9E5FF}.Release|x64.Build.0 = Release|x64
		{B19C892E-2628-4CA7-AD27-08D406A3B14B}.Debug|Any CPU.ActiveCfg = Debug|Any CPU
		{B19C892E-2628-4CA7-AD27-08D406A3B14B}.Debug|Any CPU.Build.0 = Debug|Any CPU
		{B19C892E-2628-4CA7-AD27-08D406A3B14B}.Debug|x64.ActiveCfg = Debug|Any CPU
		{B19C892E-2628-4CA7-AD27-08D406A3B14B}.Debug|x64.Build.0 = Debug|Any CPU
		{B19C892E-2628-4CA7-AD27-08D406A3B14B}.Release|Any CPU.ActiveCfg = Release|Any CPU
		{B19C892E-2628-4CA7-AD27-08D406A3B14B}.Release|Any CPU.Build.0 = Release|Any CPU
		{B19C892E-2628-4CA7-AD27-08D406A3B14B}.Release|x64.ActiveCfg = Release|Any CPU
		{B19C892E-2628-4CA7-AD27-08D406A3B14B}.Release|x64.Build.0 = Release|Any CPU
	EndGlobalSection
	GlobalSection(SolutionProperties) = preSolution
		HideSolutionNode = FALSE
	EndGlobalSection
	GlobalSection(ExtensibilityGlobals) = postSolution
		SolutionGuid = {A95D7E34-70B3-4D47-81B5-3D7134B227ED}
	EndGlobalSection
EndGlobal
